// !$*UTF8*$!
{
	archiveVersion = 1;
	classes = {
	};
	objectVersion = 52;
	objects = {

/* Begin PBXBuildFile section */
		2C504A8326E570A7006A244C /* MultiViewController.swift in Sources */ = {isa = PBXBuildFile; fileRef = 2C504A8226E570A7006A244C /* MultiViewController.swift */; };
		2C504A8526E5764F006A244C /* MultiView.swift in Sources */ = {isa = PBXBuildFile; fileRef = 2C504A8426E5764F006A244C /* MultiView.swift */; };
		2C504A8726E5808A006A244C /* MultiTableViewCell.swift in Sources */ = {isa = PBXBuildFile; fileRef = 2C504A8626E5808A006A244C /* MultiTableViewCell.swift */; };
		2C52189A26D9400D003B6893 /* NetworkService.swift in Sources */ = {isa = PBXBuildFile; fileRef = 2C52189926D9400D003B6893 /* NetworkService.swift */; };
		2C52189D26D96CCA003B6893 /* ItemsView.swift in Sources */ = {isa = PBXBuildFile; fileRef = 2C52189C26D96CCA003B6893 /* ItemsView.swift */; };
		2C52189F26D96CE3003B6893 /* ItemsViewController.swift in Sources */ = {isa = PBXBuildFile; fileRef = 2C52189E26D96CE3003B6893 /* ItemsViewController.swift */; };
		2C5218A126D97AAB003B6893 /* ItemsCollectionViewCell.swift in Sources */ = {isa = PBXBuildFile; fileRef = 2C5218A026D97AAB003B6893 /* ItemsCollectionViewCell.swift */; };
		2C5295B826C3306E00330F78 /* InfoFieldController.swift in Sources */ = {isa = PBXBuildFile; fileRef = 2C5295B726C3306E00330F78 /* InfoFieldController.swift */; };
		2C529EC226CEB5F4000EE40C /* GlobalVars.swift in Sources */ = {isa = PBXBuildFile; fileRef = 2C529EC126CEB5F4000EE40C /* GlobalVars.swift */; };
		2C529EC826CEB6BC000EE40C /* ParsedCategory.swift in Sources */ = {isa = PBXBuildFile; fileRef = 2C529EC726CEB6BC000EE40C /* ParsedCategory.swift */; };
		2C529ECA26CEB746000EE40C /* CategoriesViewController.swift in Sources */ = {isa = PBXBuildFile; fileRef = 2C529EC926CEB746000EE40C /* CategoriesViewController.swift */; };
		2C529ECC26CEB830000EE40C /* CategoryTableView.swift in Sources */ = {isa = PBXBuildFile; fileRef = 2C529ECB26CEB830000EE40C /* CategoryTableView.swift */; };
		2C529ECE26CEBC70000EE40C /* CategoriesView.swift in Sources */ = {isa = PBXBuildFile; fileRef = 2C529ECD26CEBC70000EE40C /* CategoriesView.swift */; };
		2C529ED026CEBF7E000EE40C /* CategoryTableViewCell.swift in Sources */ = {isa = PBXBuildFile; fileRef = 2C529ECF26CEBF7E000EE40C /* CategoryTableViewCell.swift */; };
		2C537FF026E0F6FD00C28BD0 /* ParsedItem.swift in Sources */ = {isa = PBXBuildFile; fileRef = 2C537FEF26E0F6FD00C28BD0 /* ParsedItem.swift */; };
		2C53C7BE26EFE126004C654A /* Extensions.swift in Sources */ = {isa = PBXBuildFile; fileRef = 2C53C7BD26EFE126004C654A /* Extensions.swift */; };
		2C53C7C126EFEA92004C654A /* ConverterProtocol.swift in Sources */ = {isa = PBXBuildFile; fileRef = 2C53C7C026EFEA92004C654A /* ConverterProtocol.swift */; };
		2C53C7C626EFFAF6004C654A /* OneItemWithAllColors.swift in Sources */ = {isa = PBXBuildFile; fileRef = 2C53C7C526EFFAF6004C654A /* OneItemWithAllColors.swift */; };
		2C53C7CF26F0006B004C654A /* CartViewController.swift in Sources */ = {isa = PBXBuildFile; fileRef = 2C53C7CA26F0006B004C654A /* CartViewController.swift */; };
		2C53C7D026F0006B004C654A /* CartsItemTableViewCell.swift in Sources */ = {isa = PBXBuildFile; fileRef = 2C53C7CC26F0006B004C654A /* CartsItemTableViewCell.swift */; };
		2C53C7D126F0006B004C654A /* CartModel.swift in Sources */ = {isa = PBXBuildFile; fileRef = 2C53C7CD26F0006B004C654A /* CartModel.swift */; };
		2C53C7D226F0006B004C654A /* CartView.swift in Sources */ = {isa = PBXBuildFile; fileRef = 2C53C7CE26F0006B004C654A /* CartView.swift */; };
		2C53C7E326F007AF004C654A /* ItemCollectionViewCell.swift in Sources */ = {isa = PBXBuildFile; fileRef = 2C53C7DF26F007AF004C654A /* ItemCollectionViewCell.swift */; };
		2C53C7E426F007AF004C654A /* ItemView.swift in Sources */ = {isa = PBXBuildFile; fileRef = 2C53C7E026F007AF004C654A /* ItemView.swift */; };
		2C53C7E526F007AF004C654A /* ItemModel.swift in Sources */ = {isa = PBXBuildFile; fileRef = 2C53C7E126F007AF004C654A /* ItemModel.swift */; };
		2C53C7E626F007AF004C654A /* ItemViewController.swift in Sources */ = {isa = PBXBuildFile; fileRef = 2C53C7E226F007AF004C654A /* ItemViewController.swift */; };
		2C53C7EA26F00B5A004C654A /* LaunchScreen.storyboard in Resources */ = {isa = PBXBuildFile; fileRef = 2C53C7E826F00B5A004C654A /* LaunchScreen.storyboard */; };
		2C5441C626F556CD00F4FF99 /* GetAndCacheImagesService.swift in Sources */ = {isa = PBXBuildFile; fileRef = 2C5441C526F556CD00F4FF99 /* GetAndCacheImagesService.swift */; };
		2C5510C026E7BA030014BEF1 /* ItemCD.xcdatamodeld in Sources */ = {isa = PBXBuildFile; fileRef = 2C5510BE26E7BA030014BEF1 /* ItemCD.xcdatamodeld */; };
		2C55BCA826DD050600017B7A /* ItemsModel.swift in Sources */ = {isa = PBXBuildFile; fileRef = 2C55BCA726DD050600017B7A /* ItemsModel.swift */; };
		2C5695E026E4046D00D85E96 /* CategoriesModel.swift in Sources */ = {isa = PBXBuildFile; fileRef = 2C5695DF26E4046D00D85E96 /* CategoriesModel.swift */; };
		2C5AC32F26B1BF6A00EFFDB0 /* AppDelegate.swift in Sources */ = {isa = PBXBuildFile; fileRef = 2C5AC32E26B1BF6A00EFFDB0 /* AppDelegate.swift */; };
		2C5AC33826B1BF6D00EFFDB0 /* Assets.xcassets in Resources */ = {isa = PBXBuildFile; fileRef = 2C5AC33726B1BF6D00EFFDB0 /* Assets.xcassets */; };
		2C5AC34326B1C49D00EFFDB0 /* PurchaseViewController.swift in Sources */ = {isa = PBXBuildFile; fileRef = 2C5AC34226B1C49D00EFFDB0 /* PurchaseViewController.swift */; };
		2C5AC34526B1C5F700EFFDB0 /* PurchaseView.swift in Sources */ = {isa = PBXBuildFile; fileRef = 2C5AC34426B1C5F700EFFDB0 /* PurchaseView.swift */; };
		2C5AC34D26B1DF4D00EFFDB0 /* InfoField.swift in Sources */ = {isa = PBXBuildFile; fileRef = 2C5AC34C26B1DF4D00EFFDB0 /* InfoField.swift */; };
		2C5E1F2D26B4784500925D3B /* PurchaseModel.swift in Sources */ = {isa = PBXBuildFile; fileRef = 2C5E1F2C26B4784500925D3B /* PurchaseModel.swift */; };
		2C6320AB26D027BA000073FC /* GetInfoFromCategoriesToTableViewProtocol.swift in Sources */ = {isa = PBXBuildFile; fileRef = 2C6320AA26D027BA000073FC /* GetInfoFromCategoriesToTableViewProtocol.swift */; };
		2C774E0426F80BC7005D9FB9 /* Page.swift in Sources */ = {isa = PBXBuildFile; fileRef = 2C774E0326F80BC7005D9FB9 /* Page.swift */; };
		2C774E0626F8C807005D9FB9 /* CategoryScreen.swift in Sources */ = {isa = PBXBuildFile; fileRef = 2C774E0526F8C807005D9FB9 /* CategoryScreen.swift */; };
		2C774E0826F8CA17005D9FB9 /* CartScreen.swift in Sources */ = {isa = PBXBuildFile; fileRef = 2C774E0726F8CA17005D9FB9 /* CartScreen.swift */; };
		2C774E0A26F8CAFE005D9FB9 /* PurchaseScreen.swift in Sources */ = {isa = PBXBuildFile; fileRef = 2C774E0926F8CAFE005D9FB9 /* PurchaseScreen.swift */; };
		2C9C9A5626F786B20020A9B7 /* BlackStarShop_V2UITests.swift in Sources */ = {isa = PBXBuildFile; fileRef = 2C9C9A5526F786B20020A9B7 /* BlackStarShop_V2UITests.swift */; };
		2C9C9A5F26F787A70020A9B7 /* SnapshotTesting in Frameworks */ = {isa = PBXBuildFile; productRef = 2C9C9A5E26F787A70020A9B7 /* SnapshotTesting */; };
		2C9C9A6126F78A590020A9B7 /* PurchaseViewControllerSnapshotTest.swift in Sources */ = {isa = PBXBuildFile; fileRef = 2C9C9A6026F78A590020A9B7 /* PurchaseViewControllerSnapshotTest.swift */; };
		2C9C9A6226F78CB20020A9B7 /* PurchaseModel.swift in Sources */ = {isa = PBXBuildFile; fileRef = 2C5E1F2C26B4784500925D3B /* PurchaseModel.swift */; };
		2C9C9A6326F78CB50020A9B7 /* PurchaseView.swift in Sources */ = {isa = PBXBuildFile; fileRef = 2C5AC34426B1C5F700EFFDB0 /* PurchaseView.swift */; };
		2C9C9A6426F78CB80020A9B7 /* PurchaseViewController.swift in Sources */ = {isa = PBXBuildFile; fileRef = 2C5AC34226B1C49D00EFFDB0 /* PurchaseViewController.swift */; };
		2C9C9A6526F78CBB0020A9B7 /* InfoFieldController.swift in Sources */ = {isa = PBXBuildFile; fileRef = 2C5295B726C3306E00330F78 /* InfoFieldController.swift */; };
		2C9C9A6626F78CBD0020A9B7 /* InfoField.swift in Sources */ = {isa = PBXBuildFile; fileRef = 2C5AC34C26B1DF4D00EFFDB0 /* InfoField.swift */; };
		2C9C9A6726F78D130020A9B7 /* Extensions.swift in Sources */ = {isa = PBXBuildFile; fileRef = 2C53C7BD26EFE126004C654A /* Extensions.swift */; };
		2CC0402F26F3EB9200D90399 /* ItemCD+CoreDataClass.swift in Sources */ = {isa = PBXBuildFile; fileRef = 2CC0402D26F3EB9200D90399 /* ItemCD+CoreDataClass.swift */; };
		2CC0403026F3EB9200D90399 /* ItemCD+CoreDataProperties.swift in Sources */ = {isa = PBXBuildFile; fileRef = 2CC0402E26F3EB9200D90399 /* ItemCD+CoreDataProperties.swift */; };
		2CC0403226F3EC1200D90399 /* DataStoreManager.swift in Sources */ = {isa = PBXBuildFile; fileRef = 2CC0403126F3EC1200D90399 /* DataStoreManager.swift */; };
		2CC336D626D3D8B000FA85FC /* SubCategoriesViewController.swift in Sources */ = {isa = PBXBuildFile; fileRef = 2CC336D526D3D8B000FA85FC /* SubCategoriesViewController.swift */; };
		2CC336D826D4016700FA85FC /* SubCategoriesView.swift in Sources */ = {isa = PBXBuildFile; fileRef = 2CC336D726D4016700FA85FC /* SubCategoriesView.swift */; };
		2CC336DA26D40D3D00FA85FC /* SubCategoriesModel.swift in Sources */ = {isa = PBXBuildFile; fileRef = 2CC336D926D40D3C00FA85FC /* SubCategoriesModel.swift */; };
/* End PBXBuildFile section */

/* Begin PBXContainerItemProxy section */
		2C9C9A5826F786B20020A9B7 /* PBXContainerItemProxy */ = {
			isa = PBXContainerItemProxy;
			containerPortal = 2C5AC32326B1BF6A00EFFDB0 /* Project object */;
			proxyType = 1;
			remoteGlobalIDString = 2C5AC32A26B1BF6A00EFFDB0;
			remoteInfo = BlackStarShop_V2;
		};
/* End PBXContainerItemProxy section */

/* Begin PBXFileReference section */
		2C504A8226E570A7006A244C /* MultiViewController.swift */ = {isa = PBXFileReference; lastKnownFileType = sourcecode.swift; path = MultiViewController.swift; sourceTree = "<group>"; };
		2C504A8426E5764F006A244C /* MultiView.swift */ = {isa = PBXFileReference; lastKnownFileType = sourcecode.swift; path = MultiView.swift; sourceTree = "<group>"; };
		2C504A8626E5808A006A244C /* MultiTableViewCell.swift */ = {isa = PBXFileReference; lastKnownFileType = sourcecode.swift; path = MultiTableViewCell.swift; sourceTree = "<group>"; };
		2C52189926D9400D003B6893 /* NetworkService.swift */ = {isa = PBXFileReference; lastKnownFileType = sourcecode.swift; path = NetworkService.swift; sourceTree = "<group>"; };
		2C52189C26D96CCA003B6893 /* ItemsView.swift */ = {isa = PBXFileReference; lastKnownFileType = sourcecode.swift; path = ItemsView.swift; sourceTree = "<group>"; };
		2C52189E26D96CE3003B6893 /* ItemsViewController.swift */ = {isa = PBXFileReference; lastKnownFileType = sourcecode.swift; path = ItemsViewController.swift; sourceTree = "<group>"; };
		2C5218A026D97AAB003B6893 /* ItemsCollectionViewCell.swift */ = {isa = PBXFileReference; lastKnownFileType = sourcecode.swift; path = ItemsCollectionViewCell.swift; sourceTree = "<group>"; };
		2C5295B726C3306E00330F78 /* InfoFieldController.swift */ = {isa = PBXFileReference; lastKnownFileType = sourcecode.swift; path = InfoFieldController.swift; sourceTree = "<group>"; };
		2C529EC126CEB5F4000EE40C /* GlobalVars.swift */ = {isa = PBXFileReference; lastKnownFileType = sourcecode.swift; path = GlobalVars.swift; sourceTree = "<group>"; };
		2C529EC726CEB6BC000EE40C /* ParsedCategory.swift */ = {isa = PBXFileReference; lastKnownFileType = sourcecode.swift; path = ParsedCategory.swift; sourceTree = "<group>"; };
		2C529EC926CEB746000EE40C /* CategoriesViewController.swift */ = {isa = PBXFileReference; lastKnownFileType = sourcecode.swift; path = CategoriesViewController.swift; sourceTree = "<group>"; };
		2C529ECB26CEB830000EE40C /* CategoryTableView.swift */ = {isa = PBXFileReference; lastKnownFileType = sourcecode.swift; path = CategoryTableView.swift; sourceTree = "<group>"; };
		2C529ECD26CEBC70000EE40C /* CategoriesView.swift */ = {isa = PBXFileReference; lastKnownFileType = sourcecode.swift; path = CategoriesView.swift; sourceTree = "<group>"; };
		2C529ECF26CEBF7E000EE40C /* CategoryTableViewCell.swift */ = {isa = PBXFileReference; lastKnownFileType = sourcecode.swift; path = CategoryTableViewCell.swift; sourceTree = "<group>"; };
		2C537FEF26E0F6FD00C28BD0 /* ParsedItem.swift */ = {isa = PBXFileReference; lastKnownFileType = sourcecode.swift; path = ParsedItem.swift; sourceTree = "<group>"; };
		2C53C7BD26EFE126004C654A /* Extensions.swift */ = {isa = PBXFileReference; lastKnownFileType = sourcecode.swift; path = Extensions.swift; sourceTree = "<group>"; };
		2C53C7C026EFEA92004C654A /* ConverterProtocol.swift */ = {isa = PBXFileReference; lastKnownFileType = sourcecode.swift; path = ConverterProtocol.swift; sourceTree = "<group>"; };
		2C53C7C526EFFAF6004C654A /* OneItemWithAllColors.swift */ = {isa = PBXFileReference; lastKnownFileType = sourcecode.swift; path = OneItemWithAllColors.swift; sourceTree = "<group>"; };
		2C53C7CA26F0006B004C654A /* CartViewController.swift */ = {isa = PBXFileReference; fileEncoding = 4; lastKnownFileType = sourcecode.swift; path = CartViewController.swift; sourceTree = "<group>"; };
		2C53C7CC26F0006B004C654A /* CartsItemTableViewCell.swift */ = {isa = PBXFileReference; fileEncoding = 4; lastKnownFileType = sourcecode.swift; path = CartsItemTableViewCell.swift; sourceTree = "<group>"; };
		2C53C7CD26F0006B004C654A /* CartModel.swift */ = {isa = PBXFileReference; fileEncoding = 4; lastKnownFileType = sourcecode.swift; path = CartModel.swift; sourceTree = "<group>"; };
		2C53C7CE26F0006B004C654A /* CartView.swift */ = {isa = PBXFileReference; fileEncoding = 4; lastKnownFileType = sourcecode.swift; path = CartView.swift; sourceTree = "<group>"; };
		2C53C7DF26F007AF004C654A /* ItemCollectionViewCell.swift */ = {isa = PBXFileReference; fileEncoding = 4; lastKnownFileType = sourcecode.swift; path = ItemCollectionViewCell.swift; sourceTree = "<group>"; };
		2C53C7E026F007AF004C654A /* ItemView.swift */ = {isa = PBXFileReference; fileEncoding = 4; lastKnownFileType = sourcecode.swift; path = ItemView.swift; sourceTree = "<group>"; };
		2C53C7E126F007AF004C654A /* ItemModel.swift */ = {isa = PBXFileReference; fileEncoding = 4; lastKnownFileType = sourcecode.swift; path = ItemModel.swift; sourceTree = "<group>"; };
		2C53C7E226F007AF004C654A /* ItemViewController.swift */ = {isa = PBXFileReference; fileEncoding = 4; lastKnownFileType = sourcecode.swift; path = ItemViewController.swift; sourceTree = "<group>"; };
		2C53C7E926F00B5A004C654A /* Base */ = {isa = PBXFileReference; lastKnownFileType = file.storyboard; name = Base; path = Base.lproj/LaunchScreen.storyboard; sourceTree = "<group>"; };
		2C5441C526F556CD00F4FF99 /* GetAndCacheImagesService.swift */ = {isa = PBXFileReference; lastKnownFileType = sourcecode.swift; path = GetAndCacheImagesService.swift; sourceTree = "<group>"; };
		2C5510BF26E7BA030014BEF1 /* ItemCD.xcdatamodel */ = {isa = PBXFileReference; lastKnownFileType = wrapper.xcdatamodel; path = ItemCD.xcdatamodel; sourceTree = "<group>"; };
		2C55BCA726DD050600017B7A /* ItemsModel.swift */ = {isa = PBXFileReference; lastKnownFileType = sourcecode.swift; path = ItemsModel.swift; sourceTree = "<group>"; };
		2C5695DF26E4046D00D85E96 /* CategoriesModel.swift */ = {isa = PBXFileReference; lastKnownFileType = sourcecode.swift; path = CategoriesModel.swift; sourceTree = "<group>"; };
		2C5AC32B26B1BF6A00EFFDB0 /* BlackStarShop_V2.app */ = {isa = PBXFileReference; explicitFileType = wrapper.application; includeInIndex = 0; path = BlackStarShop_V2.app; sourceTree = BUILT_PRODUCTS_DIR; };
		2C5AC32E26B1BF6A00EFFDB0 /* AppDelegate.swift */ = {isa = PBXFileReference; lastKnownFileType = sourcecode.swift; path = AppDelegate.swift; sourceTree = "<group>"; };
		2C5AC33726B1BF6D00EFFDB0 /* Assets.xcassets */ = {isa = PBXFileReference; lastKnownFileType = folder.assetcatalog; path = Assets.xcassets; sourceTree = "<group>"; };
		2C5AC33C26B1BF6D00EFFDB0 /* Info.plist */ = {isa = PBXFileReference; lastKnownFileType = text.plist.xml; path = Info.plist; sourceTree = "<group>"; };
		2C5AC34226B1C49D00EFFDB0 /* PurchaseViewController.swift */ = {isa = PBXFileReference; lastKnownFileType = sourcecode.swift; path = PurchaseViewController.swift; sourceTree = "<group>"; };
		2C5AC34426B1C5F700EFFDB0 /* PurchaseView.swift */ = {isa = PBXFileReference; lastKnownFileType = sourcecode.swift; path = PurchaseView.swift; sourceTree = "<group>"; };
		2C5AC34C26B1DF4D00EFFDB0 /* InfoField.swift */ = {isa = PBXFileReference; lastKnownFileType = sourcecode.swift; path = InfoField.swift; sourceTree = "<group>"; };
		2C5E1F2C26B4784500925D3B /* PurchaseModel.swift */ = {isa = PBXFileReference; lastKnownFileType = sourcecode.swift; path = PurchaseModel.swift; sourceTree = "<group>"; };
		2C6320AA26D027BA000073FC /* GetInfoFromCategoriesToTableViewProtocol.swift */ = {isa = PBXFileReference; lastKnownFileType = sourcecode.swift; path = GetInfoFromCategoriesToTableViewProtocol.swift; sourceTree = "<group>"; };
		2C774E0326F80BC7005D9FB9 /* Page.swift */ = {isa = PBXFileReference; lastKnownFileType = sourcecode.swift; path = Page.swift; sourceTree = "<group>"; };
		2C774E0526F8C807005D9FB9 /* CategoryScreen.swift */ = {isa = PBXFileReference; lastKnownFileType = sourcecode.swift; path = CategoryScreen.swift; sourceTree = "<group>"; };
		2C774E0726F8CA17005D9FB9 /* CartScreen.swift */ = {isa = PBXFileReference; lastKnownFileType = sourcecode.swift; path = CartScreen.swift; sourceTree = "<group>"; };
		2C774E0926F8CAFE005D9FB9 /* PurchaseScreen.swift */ = {isa = PBXFileReference; lastKnownFileType = sourcecode.swift; path = PurchaseScreen.swift; sourceTree = "<group>"; };
		2C9C9A5326F786B20020A9B7 /* BlackStarShop_V2UITests.xctest */ = {isa = PBXFileReference; explicitFileType = wrapper.cfbundle; includeInIndex = 0; path = BlackStarShop_V2UITests.xctest; sourceTree = BUILT_PRODUCTS_DIR; };
		2C9C9A5526F786B20020A9B7 /* BlackStarShop_V2UITests.swift */ = {isa = PBXFileReference; lastKnownFileType = sourcecode.swift; path = BlackStarShop_V2UITests.swift; sourceTree = "<group>"; };
		2C9C9A5726F786B20020A9B7 /* Info.plist */ = {isa = PBXFileReference; lastKnownFileType = text.plist.xml; path = Info.plist; sourceTree = "<group>"; };
		2C9C9A6026F78A590020A9B7 /* PurchaseViewControllerSnapshotTest.swift */ = {isa = PBXFileReference; lastKnownFileType = sourcecode.swift; path = PurchaseViewControllerSnapshotTest.swift; sourceTree = "<group>"; };
		2CC0402D26F3EB9200D90399 /* ItemCD+CoreDataClass.swift */ = {isa = PBXFileReference; lastKnownFileType = sourcecode.swift; path = "ItemCD+CoreDataClass.swift"; sourceTree = "<group>"; };
		2CC0402E26F3EB9200D90399 /* ItemCD+CoreDataProperties.swift */ = {isa = PBXFileReference; lastKnownFileType = sourcecode.swift; path = "ItemCD+CoreDataProperties.swift"; sourceTree = "<group>"; };
		2CC0403126F3EC1200D90399 /* DataStoreManager.swift */ = {isa = PBXFileReference; lastKnownFileType = sourcecode.swift; path = DataStoreManager.swift; sourceTree = "<group>"; };
		2CC336D526D3D8B000FA85FC /* SubCategoriesViewController.swift */ = {isa = PBXFileReference; lastKnownFileType = sourcecode.swift; path = SubCategoriesViewController.swift; sourceTree = "<group>"; };
		2CC336D726D4016700FA85FC /* SubCategoriesView.swift */ = {isa = PBXFileReference; lastKnownFileType = sourcecode.swift; path = SubCategoriesView.swift; sourceTree = "<group>"; };
		2CC336D926D40D3C00FA85FC /* SubCategoriesModel.swift */ = {isa = PBXFileReference; lastKnownFileType = sourcecode.swift; path = SubCategoriesModel.swift; sourceTree = "<group>"; };
/* End PBXFileReference section */

/* Begin PBXFrameworksBuildPhase section */
		2C5AC32826B1BF6A00EFFDB0 /* Frameworks */ = {
			isa = PBXFrameworksBuildPhase;
			buildActionMask = 2147483647;
			files = (
			);
			runOnlyForDeploymentPostprocessing = 0;
		};
		2C9C9A5026F786B20020A9B7 /* Frameworks */ = {
			isa = PBXFrameworksBuildPhase;
			buildActionMask = 2147483647;
			files = (
				2C9C9A5F26F787A70020A9B7 /* SnapshotTesting in Frameworks */,
			);
			runOnlyForDeploymentPostprocessing = 0;
		};
/* End PBXFrameworksBuildPhase section */

/* Begin PBXGroup section */
		2C52189B26D96BE8003B6893 /* Items */ = {
			isa = PBXGroup;
			children = (
				2C57C71026DEF2A400E920A1 /* Items */,
				2C53C7DE26F007AF004C654A /* Item */,
				2C5510BD26E7A7E90014BEF1 /* Multi */,
			);
			path = Items;
			sourceTree = "<group>";
		};
		2C53C7BF26EFE9D4004C654A /* Models */ = {
			isa = PBXGroup;
			children = (
				2C53C7C726EFFB18004C654A /* Networking */,
				2C53C7C826EFFB2D004C654A /* CoreData */,
				2C53C7C526EFFAF6004C654A /* OneItemWithAllColors.swift */,
			);
			path = Models;
			sourceTree = "<group>";
		};
		2C53C7C226EFF579004C654A /* SubViews */ = {
			isa = PBXGroup;
			children = (
				2C529ECB26CEB830000EE40C /* CategoryTableView.swift */,
				2C529ECF26CEBF7E000EE40C /* CategoryTableViewCell.swift */,
			);
			path = SubViews;
			sourceTree = "<group>";
		};
		2C53C7C326EFF9AD004C654A /* Subviews */ = {
			isa = PBXGroup;
			children = (
				2C5218A026D97AAB003B6893 /* ItemsCollectionViewCell.swift */,
			);
			path = Subviews;
			sourceTree = "<group>";
		};
		2C53C7C726EFFB18004C654A /* Networking */ = {
			isa = PBXGroup;
			children = (
				2C53C7C026EFEA92004C654A /* ConverterProtocol.swift */,
				2C529EC726CEB6BC000EE40C /* ParsedCategory.swift */,
				2C537FEF26E0F6FD00C28BD0 /* ParsedItem.swift */,
			);
			path = Networking;
			sourceTree = "<group>";
		};
		2C53C7C826EFFB2D004C654A /* CoreData */ = {
			isa = PBXGroup;
			children = (
				2C5510BE26E7BA030014BEF1 /* ItemCD.xcdatamodeld */,
				2CC0402D26F3EB9200D90399 /* ItemCD+CoreDataClass.swift */,
				2CC0402E26F3EB9200D90399 /* ItemCD+CoreDataProperties.swift */,
			);
			path = CoreData;
			sourceTree = "<group>";
		};
		2C53C7C926F0006B004C654A /* Cart */ = {
			isa = PBXGroup;
			children = (
				2C53C7CB26F0006B004C654A /* Subviews */,
				2C53C7CD26F0006B004C654A /* CartModel.swift */,
				2C53C7CE26F0006B004C654A /* CartView.swift */,
				2C53C7CA26F0006B004C654A /* CartViewController.swift */,
			);
			path = Cart;
			sourceTree = "<group>";
		};
		2C53C7CB26F0006B004C654A /* Subviews */ = {
			isa = PBXGroup;
			children = (
				2C53C7CC26F0006B004C654A /* CartsItemTableViewCell.swift */,
			);
			path = Subviews;
			sourceTree = "<group>";
		};
		2C53C7D326F00417004C654A /* Supporting files */ = {
			isa = PBXGroup;
			children = (
				2C53C7E826F00B5A004C654A /* LaunchScreen.storyboard */,
				2C5AC32E26B1BF6A00EFFDB0 /* AppDelegate.swift */,
			);
			path = "Supporting files";
			sourceTree = "<group>";
		};
		2C53C7DE26F007AF004C654A /* Item */ = {
			isa = PBXGroup;
			children = (
				2C53C7E726F008C6004C654A /* Subviews */,
				2C53C7E126F007AF004C654A /* ItemModel.swift */,
				2C53C7E026F007AF004C654A /* ItemView.swift */,
				2C53C7E226F007AF004C654A /* ItemViewController.swift */,
			);
			path = Item;
			sourceTree = "<group>";
		};
		2C53C7E726F008C6004C654A /* Subviews */ = {
			isa = PBXGroup;
			children = (
				2C53C7DF26F007AF004C654A /* ItemCollectionViewCell.swift */,
			);
			path = Subviews;
			sourceTree = "<group>";
		};
		2C53C7EB26F00BAF004C654A /* Services & Managers */ = {
			isa = PBXGroup;
			children = (
				2C52189926D9400D003B6893 /* NetworkService.swift */,
				2CC0403126F3EC1200D90399 /* DataStoreManager.swift */,
				2C5441C526F556CD00F4FF99 /* GetAndCacheImagesService.swift */,
			);
			path = "Services & Managers";
			sourceTree = "<group>";
		};
		2C53C7EC26F00BDE004C654A /* Extensions */ = {
			isa = PBXGroup;
			children = (
				2C53C7BD26EFE126004C654A /* Extensions.swift */,
			);
			path = Extensions;
			sourceTree = "<group>";
		};
		2C53C7ED26F00BE7004C654A /* Global Vars */ = {
			isa = PBXGroup;
			children = (
				2C529EC126CEB5F4000EE40C /* GlobalVars.swift */,
			);
			path = "Global Vars";
			sourceTree = "<group>";
		};
		2C5510BD26E7A7E90014BEF1 /* Multi */ = {
			isa = PBXGroup;
			children = (
				2C6F92A926F1029B0054C168 /* Subviews */,
				2C504A8426E5764F006A244C /* MultiView.swift */,
				2C504A8226E570A7006A244C /* MultiViewController.swift */,
			);
			path = Multi;
			sourceTree = "<group>";
		};
		2C57C71026DEF2A400E920A1 /* Items */ = {
			isa = PBXGroup;
			children = (
				2C53C7C326EFF9AD004C654A /* Subviews */,
				2C55BCA726DD050600017B7A /* ItemsModel.swift */,
				2C52189C26D96CCA003B6893 /* ItemsView.swift */,
				2C52189E26D96CE3003B6893 /* ItemsViewController.swift */,
			);
			path = Items;
			sourceTree = "<group>";
		};
		2C5951F126D1B45E005B03A7 /* Categories */ = {
			isa = PBXGroup;
			children = (
				2C53C7C226EFF579004C654A /* SubViews */,
				2C5951F226D1B46B005B03A7 /* Categories */,
				2CC336D426D3D85E00FA85FC /* SubCategories */,
				2C6320AA26D027BA000073FC /* GetInfoFromCategoriesToTableViewProtocol.swift */,
			);
			path = Categories;
			sourceTree = "<group>";
		};
		2C5951F226D1B46B005B03A7 /* Categories */ = {
			isa = PBXGroup;
			children = (
				2C5695DF26E4046D00D85E96 /* CategoriesModel.swift */,
				2C529ECD26CEBC70000EE40C /* CategoriesView.swift */,
				2C529EC926CEB746000EE40C /* CategoriesViewController.swift */,
			);
			path = Categories;
			sourceTree = "<group>";
		};
		2C5AC32226B1BF6A00EFFDB0 = {
			isa = PBXGroup;
			children = (
				2C5AC32D26B1BF6A00EFFDB0 /* BlackStarShop_V2 */,
				2C6F929A26F0CBED0054C168 /* PurchaseUnitTests */,
				2C9C9A5426F786B20020A9B7 /* BlackStarShop_V2UITests */,
				2C5AC32C26B1BF6A00EFFDB0 /* Products */,
			);
			sourceTree = "<group>";
		};
		2C5AC32C26B1BF6A00EFFDB0 /* Products */ = {
			isa = PBXGroup;
			children = (
				2C5AC32B26B1BF6A00EFFDB0 /* BlackStarShop_V2.app */,
				2C9C9A5326F786B20020A9B7 /* BlackStarShop_V2UITests.xctest */,
			);
			name = Products;
			sourceTree = "<group>";
		};
		2C5AC32D26B1BF6A00EFFDB0 /* BlackStarShop_V2 */ = {
			isa = PBXGroup;
			children = (
				2C53C7D326F00417004C654A /* Supporting files */,
				2C53C7ED26F00BE7004C654A /* Global Vars */,
				2C53C7EC26F00BDE004C654A /* Extensions */,
				2C53C7BF26EFE9D4004C654A /* Models */,
				2C5951F126D1B45E005B03A7 /* Categories */,
				2C52189B26D96BE8003B6893 /* Items */,
				2C53C7C926F0006B004C654A /* Cart */,
				2CC2C20C26C69E1A0053BD47 /* Purchase */,
				2C53C7EB26F00BAF004C654A /* Services & Managers */,
				2C5AC33726B1BF6D00EFFDB0 /* Assets.xcassets */,
				2C5AC33C26B1BF6D00EFFDB0 /* Info.plist */,
			);
			path = BlackStarShop_V2;
			sourceTree = "<group>";
		};
		2C6F929A26F0CBED0054C168 /* PurchaseUnitTests */ = {
			isa = PBXGroup;
			children = (
			);
			path = PurchaseUnitTests;
			sourceTree = "<group>";
		};
		2C6F92A926F1029B0054C168 /* Subviews */ = {
			isa = PBXGroup;
			children = (
				2C504A8626E5808A006A244C /* MultiTableViewCell.swift */,
			);
			path = Subviews;
			sourceTree = "<group>";
		};
		2C774E0B26F8D1C9005D9FB9 /* ScreensForUITests */ = {
			isa = PBXGroup;
			children = (
				2C774E0326F80BC7005D9FB9 /* Page.swift */,
				2C774E0526F8C807005D9FB9 /* CategoryScreen.swift */,
				2C774E0726F8CA17005D9FB9 /* CartScreen.swift */,
				2C774E0926F8CAFE005D9FB9 /* PurchaseScreen.swift */,
			);
			path = ScreensForUITests;
			sourceTree = "<group>";
		};
		2C774E0C26F8D202005D9FB9 /* SnapshotTest */ = {
			isa = PBXGroup;
			children = (
				2C9C9A6026F78A590020A9B7 /* PurchaseViewControllerSnapshotTest.swift */,
			);
			path = SnapshotTest;
			sourceTree = "<group>";
		};
		2C774E0D26F8D2D2005D9FB9 /* UITests */ = {
			isa = PBXGroup;
			children = (
				2C774E0B26F8D1C9005D9FB9 /* ScreensForUITests */,
				2C9C9A5526F786B20020A9B7 /* BlackStarShop_V2UITests.swift */,
			);
			path = UITests;
			sourceTree = "<group>";
		};
		2C9C9A5426F786B20020A9B7 /* BlackStarShop_V2UITests */ = {
			isa = PBXGroup;
			children = (
				2C774E0D26F8D2D2005D9FB9 /* UITests */,
				2C774E0C26F8D202005D9FB9 /* SnapshotTest */,
				2C9C9A5726F786B20020A9B7 /* Info.plist */,
			);
			path = BlackStarShop_V2UITests;
			sourceTree = "<group>";
		};
		2CC2C20C26C69E1A0053BD47 /* Purchase */ = {
			isa = PBXGroup;
			children = (
				2CC2C20D26C69E5C0053BD47 /* SubViews */,
				2C5E1F2C26B4784500925D3B /* PurchaseModel.swift */,
				2C5AC34426B1C5F700EFFDB0 /* PurchaseView.swift */,
				2C5AC34226B1C49D00EFFDB0 /* PurchaseViewController.swift */,
			);
			path = Purchase;
			sourceTree = "<group>";
		};
		2CC2C20D26C69E5C0053BD47 /* SubViews */ = {
			isa = PBXGroup;
			children = (
				2C5295B726C3306E00330F78 /* InfoFieldController.swift */,
				2C5AC34C26B1DF4D00EFFDB0 /* InfoField.swift */,
			);
			path = SubViews;
			sourceTree = "<group>";
		};
		2CC336D426D3D85E00FA85FC /* SubCategories */ = {
			isa = PBXGroup;
			children = (
				2CC336D926D40D3C00FA85FC /* SubCategoriesModel.swift */,
				2CC336D726D4016700FA85FC /* SubCategoriesView.swift */,
				2CC336D526D3D8B000FA85FC /* SubCategoriesViewController.swift */,
			);
			path = SubCategories;
			sourceTree = "<group>";
		};
/* End PBXGroup section */

/* Begin PBXNativeTarget section */
		2C5AC32A26B1BF6A00EFFDB0 /* BlackStarShop_V2 */ = {
			isa = PBXNativeTarget;
			buildConfigurationList = 2C5AC33F26B1BF6D00EFFDB0 /* Build configuration list for PBXNativeTarget "BlackStarShop_V2" */;
			buildPhases = (
				2C5AC32726B1BF6A00EFFDB0 /* Sources */,
				2C5AC32826B1BF6A00EFFDB0 /* Frameworks */,
				2C5AC32926B1BF6A00EFFDB0 /* Resources */,
			);
			buildRules = (
			);
			dependencies = (
			);
			name = BlackStarShop_V2;
			productName = BlackStarShop_V2;
			productReference = 2C5AC32B26B1BF6A00EFFDB0 /* BlackStarShop_V2.app */;
			productType = "com.apple.product-type.application";
		};
		2C9C9A5226F786B20020A9B7 /* BlackStarShop_V2UITests */ = {
			isa = PBXNativeTarget;
			buildConfigurationList = 2C9C9A5C26F786B20020A9B7 /* Build configuration list for PBXNativeTarget "BlackStarShop_V2UITests" */;
			buildPhases = (
				2C9C9A4F26F786B20020A9B7 /* Sources */,
				2C9C9A5026F786B20020A9B7 /* Frameworks */,
				2C9C9A5126F786B20020A9B7 /* Resources */,
			);
			buildRules = (
			);
			dependencies = (
				2C9C9A5926F786B20020A9B7 /* PBXTargetDependency */,
			);
			name = BlackStarShop_V2UITests;
			packageProductDependencies = (
				2C9C9A5E26F787A70020A9B7 /* SnapshotTesting */,
			);
			productName = BlackStarShop_V2UITests;
			productReference = 2C9C9A5326F786B20020A9B7 /* BlackStarShop_V2UITests.xctest */;
			productType = "com.apple.product-type.bundle.ui-testing";
		};
/* End PBXNativeTarget section */

/* Begin PBXProject section */
		2C5AC32326B1BF6A00EFFDB0 /* Project object */ = {
			isa = PBXProject;
			attributes = {
				LastSwiftUpdateCheck = 1130;
				LastUpgradeCheck = 1130;
				ORGANIZATIONNAME = Norik;
				TargetAttributes = {
					2C5AC32A26B1BF6A00EFFDB0 = {
						CreatedOnToolsVersion = 11.3.1;
					};
					2C9C9A5226F786B20020A9B7 = {
						CreatedOnToolsVersion = 11.3.1;
						TestTargetID = 2C5AC32A26B1BF6A00EFFDB0;
					};
				};
			};
			buildConfigurationList = 2C5AC32626B1BF6A00EFFDB0 /* Build configuration list for PBXProject "BlackStarShop_V2" */;
			compatibilityVersion = "Xcode 9.3";
			developmentRegion = en;
			hasScannedForEncodings = 0;
			knownRegions = (
				en,
				Base,
			);
			mainGroup = 2C5AC32226B1BF6A00EFFDB0;
			packageReferences = (
				2C9C9A5D26F787A70020A9B7 /* XCRemoteSwiftPackageReference "swift-snapshot-testing" */,
			);
			productRefGroup = 2C5AC32C26B1BF6A00EFFDB0 /* Products */;
			projectDirPath = "";
			projectRoot = "";
			targets = (
				2C5AC32A26B1BF6A00EFFDB0 /* BlackStarShop_V2 */,
				2C9C9A5226F786B20020A9B7 /* BlackStarShop_V2UITests */,
			);
		};
/* End PBXProject section */

/* Begin PBXResourcesBuildPhase section */
		2C5AC32926B1BF6A00EFFDB0 /* Resources */ = {
			isa = PBXResourcesBuildPhase;
			buildActionMask = 2147483647;
			files = (
				2C5AC33826B1BF6D00EFFDB0 /* Assets.xcassets in Resources */,
				2C53C7EA26F00B5A004C654A /* LaunchScreen.storyboard in Resources */,
			);
			runOnlyForDeploymentPostprocessing = 0;
		};
		2C9C9A5126F786B20020A9B7 /* Resources */ = {
			isa = PBXResourcesBuildPhase;
			buildActionMask = 2147483647;
			files = (
			);
			runOnlyForDeploymentPostprocessing = 0;
		};
/* End PBXResourcesBuildPhase section */

/* Begin PBXSourcesBuildPhase section */
		2C5AC32726B1BF6A00EFFDB0 /* Sources */ = {
			isa = PBXSourcesBuildPhase;
			buildActionMask = 2147483647;
			files = (
				2C53C7D226F0006B004C654A /* CartView.swift in Sources */,
				2C5AC34526B1C5F700EFFDB0 /* PurchaseView.swift in Sources */,
				2C5510C026E7BA030014BEF1 /* ItemCD.xcdatamodeld in Sources */,
				2C52189D26D96CCA003B6893 /* ItemsView.swift in Sources */,
				2C5AC32F26B1BF6A00EFFDB0 /* AppDelegate.swift in Sources */,
				2C5295B826C3306E00330F78 /* InfoFieldController.swift in Sources */,
				2C5AC34D26B1DF4D00EFFDB0 /* InfoField.swift in Sources */,
				2C5218A126D97AAB003B6893 /* ItemsCollectionViewCell.swift in Sources */,
				2C53C7D026F0006B004C654A /* CartsItemTableViewCell.swift in Sources */,
				2C52189A26D9400D003B6893 /* NetworkService.swift in Sources */,
				2C53C7E526F007AF004C654A /* ItemModel.swift in Sources */,
				2C529ECA26CEB746000EE40C /* CategoriesViewController.swift in Sources */,
				2C53C7E326F007AF004C654A /* ItemCollectionViewCell.swift in Sources */,
				2C53C7C126EFEA92004C654A /* ConverterProtocol.swift in Sources */,
				2C6320AB26D027BA000073FC /* GetInfoFromCategoriesToTableViewProtocol.swift in Sources */,
				2C5695E026E4046D00D85E96 /* CategoriesModel.swift in Sources */,
				2C529EC226CEB5F4000EE40C /* GlobalVars.swift in Sources */,
				2C53C7CF26F0006B004C654A /* CartViewController.swift in Sources */,
				2C529ECC26CEB830000EE40C /* CategoryTableView.swift in Sources */,
				2C53C7C626EFFAF6004C654A /* OneItemWithAllColors.swift in Sources */,
				2CC336DA26D40D3D00FA85FC /* SubCategoriesModel.swift in Sources */,
				2C504A8726E5808A006A244C /* MultiTableViewCell.swift in Sources */,
				2C55BCA826DD050600017B7A /* ItemsModel.swift in Sources */,
				2C53C7E426F007AF004C654A /* ItemView.swift in Sources */,
				2CC336D626D3D8B000FA85FC /* SubCategoriesViewController.swift in Sources */,
				2C5AC34326B1C49D00EFFDB0 /* PurchaseViewController.swift in Sources */,
				2C529ECE26CEBC70000EE40C /* CategoriesView.swift in Sources */,
				2C529EC826CEB6BC000EE40C /* ParsedCategory.swift in Sources */,
				2CC336D826D4016700FA85FC /* SubCategoriesView.swift in Sources */,
				2C5441C626F556CD00F4FF99 /* GetAndCacheImagesService.swift in Sources */,
				2CC0403226F3EC1200D90399 /* DataStoreManager.swift in Sources */,
				2C52189F26D96CE3003B6893 /* ItemsViewController.swift in Sources */,
				2C529ED026CEBF7E000EE40C /* CategoryTableViewCell.swift in Sources */,
				2C53C7E626F007AF004C654A /* ItemViewController.swift in Sources */,
				2C53C7D126F0006B004C654A /* CartModel.swift in Sources */,
				2C504A8526E5764F006A244C /* MultiView.swift in Sources */,
				2C53C7BE26EFE126004C654A /* Extensions.swift in Sources */,
				2CC0403026F3EB9200D90399 /* ItemCD+CoreDataProperties.swift in Sources */,
				2C5E1F2D26B4784500925D3B /* PurchaseModel.swift in Sources */,
				2C504A8326E570A7006A244C /* MultiViewController.swift in Sources */,
				2C537FF026E0F6FD00C28BD0 /* ParsedItem.swift in Sources */,
				2CC0402F26F3EB9200D90399 /* ItemCD+CoreDataClass.swift in Sources */,
			);
			runOnlyForDeploymentPostprocessing = 0;
		};
		2C9C9A4F26F786B20020A9B7 /* Sources */ = {
			isa = PBXSourcesBuildPhase;
			buildActionMask = 2147483647;
			files = (
				2C9C9A6426F78CB80020A9B7 /* PurchaseViewController.swift in Sources */,
				2C9C9A5626F786B20020A9B7 /* BlackStarShop_V2UITests.swift in Sources */,
				2C774E0A26F8CAFE005D9FB9 /* PurchaseScreen.swift in Sources */,
				2C9C9A6526F78CBB0020A9B7 /* InfoFieldController.swift in Sources */,
				2C9C9A6726F78D130020A9B7 /* Extensions.swift in Sources */,
				2C9C9A6226F78CB20020A9B7 /* PurchaseModel.swift in Sources */,
				2C774E0826F8CA17005D9FB9 /* CartScreen.swift in Sources */,
				2C774E0426F80BC7005D9FB9 /* Page.swift in Sources */,
				2C9C9A6126F78A590020A9B7 /* PurchaseViewControllerSnapshotTest.swift in Sources */,
				2C9C9A6326F78CB50020A9B7 /* PurchaseView.swift in Sources */,
				2C9C9A6626F78CBD0020A9B7 /* InfoField.swift in Sources */,
				2C774E0626F8C807005D9FB9 /* CategoryScreen.swift in Sources */,
			);
			runOnlyForDeploymentPostprocessing = 0;
		};
/* End PBXSourcesBuildPhase section */

/* Begin PBXTargetDependency section */
		2C9C9A5926F786B20020A9B7 /* PBXTargetDependency */ = {
			isa = PBXTargetDependency;
			target = 2C5AC32A26B1BF6A00EFFDB0 /* BlackStarShop_V2 */;
			targetProxy = 2C9C9A5826F786B20020A9B7 /* PBXContainerItemProxy */;
		};
/* End PBXTargetDependency section */

/* Begin PBXVariantGroup section */
		2C53C7E826F00B5A004C654A /* LaunchScreen.storyboard */ = {
			isa = PBXVariantGroup;
			children = (
				2C53C7E926F00B5A004C654A /* Base */,
			);
			name = LaunchScreen.storyboard;
			sourceTree = "<group>";
		};
/* End PBXVariantGroup section */

/* Begin XCBuildConfiguration section */
		2C5AC33D26B1BF6D00EFFDB0 /* Debug */ = {
			isa = XCBuildConfiguration;
			buildSettings = {
				ALWAYS_SEARCH_USER_PATHS = NO;
				CLANG_ANALYZER_NONNULL = YES;
				CLANG_ANALYZER_NUMBER_OBJECT_CONVERSION = YES_AGGRESSIVE;
				CLANG_CXX_LANGUAGE_STANDARD = "gnu++14";
				CLANG_CXX_LIBRARY = "libc++";
				CLANG_ENABLE_MODULES = YES;
				CLANG_ENABLE_OBJC_ARC = YES;
				CLANG_ENABLE_OBJC_WEAK = YES;
				CLANG_WARN_BLOCK_CAPTURE_AUTORELEASING = YES;
				CLANG_WARN_BOOL_CONVERSION = YES;
				CLANG_WARN_COMMA = YES;
				CLANG_WARN_CONSTANT_CONVERSION = YES;
				CLANG_WARN_DEPRECATED_OBJC_IMPLEMENTATIONS = YES;
				CLANG_WARN_DIRECT_OBJC_ISA_USAGE = YES_ERROR;
				CLANG_WARN_DOCUMENTATION_COMMENTS = YES;
				CLANG_WARN_EMPTY_BODY = YES;
				CLANG_WARN_ENUM_CONVERSION = YES;
				CLANG_WARN_INFINITE_RECURSION = YES;
				CLANG_WARN_INT_CONVERSION = YES;
				CLANG_WARN_NON_LITERAL_NULL_CONVERSION = YES;
				CLANG_WARN_OBJC_IMPLICIT_RETAIN_SELF = YES;
				CLANG_WARN_OBJC_LITERAL_CONVERSION = YES;
				CLANG_WARN_OBJC_ROOT_CLASS = YES_ERROR;
				CLANG_WARN_RANGE_LOOP_ANALYSIS = YES;
				CLANG_WARN_STRICT_PROTOTYPES = YES;
				CLANG_WARN_SUSPICIOUS_MOVE = YES;
				CLANG_WARN_UNGUARDED_AVAILABILITY = YES_AGGRESSIVE;
				CLANG_WARN_UNREACHABLE_CODE = YES;
				CLANG_WARN__DUPLICATE_METHOD_MATCH = YES;
				COPY_PHASE_STRIP = NO;
				DEBUG_INFORMATION_FORMAT = dwarf;
				ENABLE_STRICT_OBJC_MSGSEND = YES;
				ENABLE_TESTABILITY = YES;
				GCC_C_LANGUAGE_STANDARD = gnu11;
				GCC_DYNAMIC_NO_PIC = NO;
				GCC_NO_COMMON_BLOCKS = YES;
				GCC_OPTIMIZATION_LEVEL = 0;
				GCC_PREPROCESSOR_DEFINITIONS = (
					"DEBUG=1",
					"$(inherited)",
				);
				GCC_WARN_64_TO_32_BIT_CONVERSION = YES;
				GCC_WARN_ABOUT_RETURN_TYPE = YES_ERROR;
				GCC_WARN_UNDECLARED_SELECTOR = YES;
				GCC_WARN_UNINITIALIZED_AUTOS = YES_AGGRESSIVE;
				GCC_WARN_UNUSED_FUNCTION = YES;
				GCC_WARN_UNUSED_VARIABLE = YES;
				IPHONEOS_DEPLOYMENT_TARGET = 13.0;
				MTL_ENABLE_DEBUG_INFO = INCLUDE_SOURCE;
				MTL_FAST_MATH = YES;
				ONLY_ACTIVE_ARCH = YES;
				SDKROOT = iphoneos;
				SWIFT_ACTIVE_COMPILATION_CONDITIONS = DEBUG;
				SWIFT_OPTIMIZATION_LEVEL = "-Onone";
			};
			name = Debug;
		};
		2C5AC33E26B1BF6D00EFFDB0 /* Release */ = {
			isa = XCBuildConfiguration;
			buildSettings = {
				ALWAYS_SEARCH_USER_PATHS = NO;
				CLANG_ANALYZER_NONNULL = YES;
				CLANG_ANALYZER_NUMBER_OBJECT_CONVERSION = YES_AGGRESSIVE;
				CLANG_CXX_LANGUAGE_STANDARD = "gnu++14";
				CLANG_CXX_LIBRARY = "libc++";
				CLANG_ENABLE_MODULES = YES;
				CLANG_ENABLE_OBJC_ARC = YES;
				CLANG_ENABLE_OBJC_WEAK = YES;
				CLANG_WARN_BLOCK_CAPTURE_AUTORELEASING = YES;
				CLANG_WARN_BOOL_CONVERSION = YES;
				CLANG_WARN_COMMA = YES;
				CLANG_WARN_CONSTANT_CONVERSION = YES;
				CLANG_WARN_DEPRECATED_OBJC_IMPLEMENTATIONS = YES;
				CLANG_WARN_DIRECT_OBJC_ISA_USAGE = YES_ERROR;
				CLANG_WARN_DOCUMENTATION_COMMENTS = YES;
				CLANG_WARN_EMPTY_BODY = YES;
				CLANG_WARN_ENUM_CONVERSION = YES;
				CLANG_WARN_INFINITE_RECURSION = YES;
				CLANG_WARN_INT_CONVERSION = YES;
				CLANG_WARN_NON_LITERAL_NULL_CONVERSION = YES;
				CLANG_WARN_OBJC_IMPLICIT_RETAIN_SELF = YES;
				CLANG_WARN_OBJC_LITERAL_CONVERSION = YES;
				CLANG_WARN_OBJC_ROOT_CLASS = YES_ERROR;
				CLANG_WARN_RANGE_LOOP_ANALYSIS = YES;
				CLANG_WARN_STRICT_PROTOTYPES = YES;
				CLANG_WARN_SUSPICIOUS_MOVE = YES;
				CLANG_WARN_UNGUARDED_AVAILABILITY = YES_AGGRESSIVE;
				CLANG_WARN_UNREACHABLE_CODE = YES;
				CLANG_WARN__DUPLICATE_METHOD_MATCH = YES;
				COPY_PHASE_STRIP = NO;
				DEBUG_INFORMATION_FORMAT = "dwarf-with-dsym";
				ENABLE_NS_ASSERTIONS = NO;
				ENABLE_STRICT_OBJC_MSGSEND = YES;
				GCC_C_LANGUAGE_STANDARD = gnu11;
				GCC_NO_COMMON_BLOCKS = YES;
				GCC_WARN_64_TO_32_BIT_CONVERSION = YES;
				GCC_WARN_ABOUT_RETURN_TYPE = YES_ERROR;
				GCC_WARN_UNDECLARED_SELECTOR = YES;
				GCC_WARN_UNINITIALIZED_AUTOS = YES_AGGRESSIVE;
				GCC_WARN_UNUSED_FUNCTION = YES;
				GCC_WARN_UNUSED_VARIABLE = YES;
				IPHONEOS_DEPLOYMENT_TARGET = 13.0;
				MTL_ENABLE_DEBUG_INFO = NO;
				MTL_FAST_MATH = YES;
				SDKROOT = iphoneos;
				SWIFT_COMPILATION_MODE = wholemodule;
				SWIFT_OPTIMIZATION_LEVEL = "-O";
				VALIDATE_PRODUCT = YES;
			};
			name = Release;
		};
		2C5AC34026B1BF6D00EFFDB0 /* Debug */ = {
			isa = XCBuildConfiguration;
			buildSettings = {
				ASSETCATALOG_COMPILER_APPICON_NAME = AppIcon;
				CODE_SIGN_STYLE = Automatic;
				INFOPLIST_FILE = BlackStarShop_V2/Info.plist;
				LD_RUNPATH_SEARCH_PATHS = (
					"$(inherited)",
					"@executable_path/Frameworks",
				);
				PRODUCT_BUNDLE_IDENTIFIER = "APPS.BlackStarShop-V2";
				PRODUCT_NAME = "$(TARGET_NAME)";
				SWIFT_VERSION = 5.0;
				TARGETED_DEVICE_FAMILY = "1,2";
			};
			name = Debug;
		};
		2C5AC34126B1BF6D00EFFDB0 /* Release */ = {
			isa = XCBuildConfiguration;
			buildSettings = {
				ASSETCATALOG_COMPILER_APPICON_NAME = AppIcon;
				CODE_SIGN_STYLE = Automatic;
				INFOPLIST_FILE = BlackStarShop_V2/Info.plist;
				LD_RUNPATH_SEARCH_PATHS = (
					"$(inherited)",
					"@executable_path/Frameworks",
				);
				PRODUCT_BUNDLE_IDENTIFIER = "APPS.BlackStarShop-V2";
				PRODUCT_NAME = "$(TARGET_NAME)";
				SWIFT_VERSION = 5.0;
				TARGETED_DEVICE_FAMILY = "1,2";
			};
			name = Release;
		};
		2C9C9A5A26F786B20020A9B7 /* Debug */ = {
			isa = XCBuildConfiguration;
			buildSettings = {
				CODE_SIGN_STYLE = Automatic;
				INFOPLIST_FILE = BlackStarShop_V2UITests/Info.plist;
				IPHONEOS_DEPLOYMENT_TARGET = 13.2;
				LD_RUNPATH_SEARCH_PATHS = (
					"$(inherited)",
					"@executable_path/Frameworks",
					"@loader_path/Frameworks",
				);
				PRODUCT_BUNDLE_IDENTIFIER = "APPS.BlackStarShop-V2UITests";
				PRODUCT_NAME = "$(TARGET_NAME)";
				SWIFT_VERSION = 5.0;
				TARGETED_DEVICE_FAMILY = "1,2";
				TEST_TARGET_NAME = BlackStarShop_V2;
			};
			name = Debug;
		};
		2C9C9A5B26F786B20020A9B7 /* Release */ = {
			isa = XCBuildConfiguration;
			buildSettings = {
				CODE_SIGN_STYLE = Automatic;
				INFOPLIST_FILE = BlackStarShop_V2UITests/Info.plist;
				IPHONEOS_DEPLOYMENT_TARGET = 13.2;
				LD_RUNPATH_SEARCH_PATHS = (
					"$(inherited)",
					"@executable_path/Frameworks",
					"@loader_path/Frameworks",
				);
				PRODUCT_BUNDLE_IDENTIFIER = "APPS.BlackStarShop-V2UITests";
				PRODUCT_NAME = "$(TARGET_NAME)";
				SWIFT_VERSION = 5.0;
				TARGETED_DEVICE_FAMILY = "1,2";
				TEST_TARGET_NAME = BlackStarShop_V2;
			};
			name = Release;
		};
/* End XCBuildConfiguration section */

/* Begin XCConfigurationList section */
		2C5AC32626B1BF6A00EFFDB0 /* Build configuration list for PBXProject "BlackStarShop_V2" */ = {
			isa = XCConfigurationList;
			buildConfigurations = (
				2C5AC33D26B1BF6D00EFFDB0 /* Debug */,
				2C5AC33E26B1BF6D00EFFDB0 /* Release */,
			);
			defaultConfigurationIsVisible = 0;
			defaultConfigurationName = Release;
		};
		2C5AC33F26B1BF6D00EFFDB0 /* Build configuration list for PBXNativeTarget "BlackStarShop_V2" */ = {
			isa = XCConfigurationList;
			buildConfigurations = (
				2C5AC34026B1BF6D00EFFDB0 /* Debug */,
				2C5AC34126B1BF6D00EFFDB0 /* Release */,
			);
			defaultConfigurationIsVisible = 0;
			defaultConfigurationName = Release;
		};
		2C9C9A5C26F786B20020A9B7 /* Build configuration list for PBXNativeTarget "BlackStarShop_V2UITests" */ = {
			isa = XCConfigurationList;
			buildConfigurations = (
				2C9C9A5A26F786B20020A9B7 /* Debug */,
				2C9C9A5B26F786B20020A9B7 /* Release */,
			);
			defaultConfigurationIsVisible = 0;
			defaultConfigurationName = Release;
		};
/* End XCConfigurationList section */

/* Begin XCRemoteSwiftPackageReference section */
		2C9C9A5D26F787A70020A9B7 /* XCRemoteSwiftPackageReference "swift-snapshot-testing" */ = {
			isa = XCRemoteSwiftPackageReference;
			repositoryURL = "https://github.com/pointfreeco/swift-snapshot-testing.git";
			requirement = {
				kind = upToNextMajorVersion;
				minimumVersion = 1.9.0;
			};
		};
/* End XCRemoteSwiftPackageReference section */

/* Begin XCSwiftPackageProductDependency section */
		2C9C9A5E26F787A70020A9B7 /* SnapshotTesting */ = {
			isa = XCSwiftPackageProductDependency;
			package = 2C9C9A5D26F787A70020A9B7 /* XCRemoteSwiftPackageReference "swift-snapshot-testing" */;
			productName = SnapshotTesting;
		};
/* End XCSwiftPackageProductDependency section */

/* Begin XCVersionGroup section */
		2C5510BE26E7BA030014BEF1 /* ItemCD.xcdatamodeld */ = {
			isa = XCVersionGroup;
			children = (
				2C5510BF26E7BA030014BEF1 /* ItemCD.xcdatamodel */,
			);
			currentVersion = 2C5510BF26E7BA030014BEF1 /* ItemCD.xcdatamodel */;
			path = ItemCD.xcdatamodeld;
			sourceTree = "<group>";
			versionGroupType = wrapper.xcdatamodel;
		};
/* End XCVersionGroup section */
	};
	rootObject = 2C5AC32326B1BF6A00EFFDB0 /* Project object */;
}
