// !$*UTF8*$!
{
	archiveVersion = 1;
	classes = {
	};
	objectVersion = 50;
	objects = {

/* Begin PBXBuildFile section */
		2C52189A26D9400D003B6893 /* NetworkService.swift in Sources */ = {isa = PBXBuildFile; fileRef = 2C52189926D9400D003B6893 /* NetworkService.swift */; };
		2C52189D26D96CCA003B6893 /* ItemsView.swift in Sources */ = {isa = PBXBuildFile; fileRef = 2C52189C26D96CCA003B6893 /* ItemsView.swift */; };
		2C52189F26D96CE3003B6893 /* ItemsViewController.swift in Sources */ = {isa = PBXBuildFile; fileRef = 2C52189E26D96CE3003B6893 /* ItemsViewController.swift */; };
		2C5218A126D97AAB003B6893 /* ItemsCollectionViewCell.swift in Sources */ = {isa = PBXBuildFile; fileRef = 2C5218A026D97AAB003B6893 /* ItemsCollectionViewCell.swift */; };
		2C5295B826C3306E00330F78 /* InfoFieldController.swift in Sources */ = {isa = PBXBuildFile; fileRef = 2C5295B726C3306E00330F78 /* InfoFieldController.swift */; };
		2C529EC226CEB5F4000EE40C /* GlobalVars.swift in Sources */ = {isa = PBXBuildFile; fileRef = 2C529EC126CEB5F4000EE40C /* GlobalVars.swift */; };
		2C529EC826CEB6BC000EE40C /* CategoryModel.swift in Sources */ = {isa = PBXBuildFile; fileRef = 2C529EC726CEB6BC000EE40C /* CategoryModel.swift */; };
		2C529ECA26CEB746000EE40C /* CategoriesViewController.swift in Sources */ = {isa = PBXBuildFile; fileRef = 2C529EC926CEB746000EE40C /* CategoriesViewController.swift */; };
		2C529ECC26CEB830000EE40C /* CategoryTableView.swift in Sources */ = {isa = PBXBuildFile; fileRef = 2C529ECB26CEB830000EE40C /* CategoryTableView.swift */; };
		2C529ECE26CEBC70000EE40C /* CategoriesView.swift in Sources */ = {isa = PBXBuildFile; fileRef = 2C529ECD26CEBC70000EE40C /* CategoriesView.swift */; };
		2C529ED026CEBF7E000EE40C /* CategoryTableViewCell.swift in Sources */ = {isa = PBXBuildFile; fileRef = 2C529ECF26CEBF7E000EE40C /* CategoryTableViewCell.swift */; };
		2C537FF026E0F6FD00C28BD0 /* ParsedItem.swift in Sources */ = {isa = PBXBuildFile; fileRef = 2C537FEF26E0F6FD00C28BD0 /* ParsedItem.swift */; };
		2C537FF226E104F800C28BD0 /* ItemCollectionViewCell.swift in Sources */ = {isa = PBXBuildFile; fileRef = 2C537FF126E104F800C28BD0 /* ItemCollectionViewCell.swift */; };
		2C55BCA826DD050600017B7A /* ItemsModel.swift in Sources */ = {isa = PBXBuildFile; fileRef = 2C55BCA726DD050600017B7A /* ItemsModel.swift */; };
		2C57C71226DEF2C600E920A1 /* GetInfoFromItemsProtocol.swift in Sources */ = {isa = PBXBuildFile; fileRef = 2C57C71126DEF2C600E920A1 /* GetInfoFromItemsProtocol.swift */; };
		2C5AC32F26B1BF6A00EFFDB0 /* AppDelegate.swift in Sources */ = {isa = PBXBuildFile; fileRef = 2C5AC32E26B1BF6A00EFFDB0 /* AppDelegate.swift */; };
		2C5AC33826B1BF6D00EFFDB0 /* Assets.xcassets in Resources */ = {isa = PBXBuildFile; fileRef = 2C5AC33726B1BF6D00EFFDB0 /* Assets.xcassets */; };
		2C5AC33B26B1BF6D00EFFDB0 /* LaunchScreen.storyboard in Resources */ = {isa = PBXBuildFile; fileRef = 2C5AC33926B1BF6D00EFFDB0 /* LaunchScreen.storyboard */; };
		2C5AC34326B1C49D00EFFDB0 /* PurchaseViewController.swift in Sources */ = {isa = PBXBuildFile; fileRef = 2C5AC34226B1C49D00EFFDB0 /* PurchaseViewController.swift */; };
		2C5AC34526B1C5F700EFFDB0 /* PurchaseView.swift in Sources */ = {isa = PBXBuildFile; fileRef = 2C5AC34426B1C5F700EFFDB0 /* PurchaseView.swift */; };
		2C5AC34D26B1DF4D00EFFDB0 /* InfoField.swift in Sources */ = {isa = PBXBuildFile; fileRef = 2C5AC34C26B1DF4D00EFFDB0 /* InfoField.swift */; };
		2C5DAA3326DFA4EE00F4787F /* ItemView.swift in Sources */ = {isa = PBXBuildFile; fileRef = 2C5DAA3226DFA4EE00F4787F /* ItemView.swift */; };
		2C5DAA3526DFEF3A00F4787F /* ItemViewController.swift in Sources */ = {isa = PBXBuildFile; fileRef = 2C5DAA3426DFEF3A00F4787F /* ItemViewController.swift */; };
		2C5E1F2D26B4784500925D3B /* PurchaseModel.swift in Sources */ = {isa = PBXBuildFile; fileRef = 2C5E1F2C26B4784500925D3B /* PurchaseModel.swift */; };
		2C6320AB26D027BA000073FC /* GetInfoFromCategoriesToTableViewProtocol.swift in Sources */ = {isa = PBXBuildFile; fileRef = 2C6320AA26D027BA000073FC /* GetInfoFromCategoriesToTableViewProtocol.swift */; };
		2C9B30C326DBC4AA008D793F /* ItemModel.swift in Sources */ = {isa = PBXBuildFile; fileRef = 2C9B30C226DBC4AA008D793F /* ItemModel.swift */; };
		2CC336D626D3D8B000FA85FC /* SubCategoriesViewController.swift in Sources */ = {isa = PBXBuildFile; fileRef = 2CC336D526D3D8B000FA85FC /* SubCategoriesViewController.swift */; };
		2CC336D826D4016700FA85FC /* SubCategoriesView.swift in Sources */ = {isa = PBXBuildFile; fileRef = 2CC336D726D4016700FA85FC /* SubCategoriesView.swift */; };
		2CC336DA26D40D3D00FA85FC /* SubCategoriesModel.swift in Sources */ = {isa = PBXBuildFile; fileRef = 2CC336D926D40D3C00FA85FC /* SubCategoriesModel.swift */; };
/* End PBXBuildFile section */

/* Begin PBXFileReference section */
		2C52189926D9400D003B6893 /* NetworkService.swift */ = {isa = PBXFileReference; lastKnownFileType = sourcecode.swift; path = NetworkService.swift; sourceTree = "<group>"; };
		2C52189C26D96CCA003B6893 /* ItemsView.swift */ = {isa = PBXFileReference; lastKnownFileType = sourcecode.swift; path = ItemsView.swift; sourceTree = "<group>"; };
		2C52189E26D96CE3003B6893 /* ItemsViewController.swift */ = {isa = PBXFileReference; lastKnownFileType = sourcecode.swift; path = ItemsViewController.swift; sourceTree = "<group>"; };
		2C5218A026D97AAB003B6893 /* ItemsCollectionViewCell.swift */ = {isa = PBXFileReference; lastKnownFileType = sourcecode.swift; path = ItemsCollectionViewCell.swift; sourceTree = "<group>"; };
		2C5295B726C3306E00330F78 /* InfoFieldController.swift */ = {isa = PBXFileReference; lastKnownFileType = sourcecode.swift; path = InfoFieldController.swift; sourceTree = "<group>"; };
		2C529EC126CEB5F4000EE40C /* GlobalVars.swift */ = {isa = PBXFileReference; lastKnownFileType = sourcecode.swift; path = GlobalVars.swift; sourceTree = "<group>"; };
		2C529EC726CEB6BC000EE40C /* CategoryModel.swift */ = {isa = PBXFileReference; lastKnownFileType = sourcecode.swift; path = CategoryModel.swift; sourceTree = "<group>"; };
		2C529EC926CEB746000EE40C /* CategoriesViewController.swift */ = {isa = PBXFileReference; lastKnownFileType = sourcecode.swift; path = CategoriesViewController.swift; sourceTree = "<group>"; };
		2C529ECB26CEB830000EE40C /* CategoryTableView.swift */ = {isa = PBXFileReference; lastKnownFileType = sourcecode.swift; path = CategoryTableView.swift; sourceTree = "<group>"; };
		2C529ECD26CEBC70000EE40C /* CategoriesView.swift */ = {isa = PBXFileReference; lastKnownFileType = sourcecode.swift; path = CategoriesView.swift; sourceTree = "<group>"; };
		2C529ECF26CEBF7E000EE40C /* CategoryTableViewCell.swift */ = {isa = PBXFileReference; lastKnownFileType = sourcecode.swift; path = CategoryTableViewCell.swift; sourceTree = "<group>"; };
		2C537FEF26E0F6FD00C28BD0 /* ParsedItem.swift */ = {isa = PBXFileReference; lastKnownFileType = sourcecode.swift; path = ParsedItem.swift; sourceTree = "<group>"; };
		2C537FF126E104F800C28BD0 /* ItemCollectionViewCell.swift */ = {isa = PBXFileReference; lastKnownFileType = sourcecode.swift; path = ItemCollectionViewCell.swift; sourceTree = "<group>"; };
		2C55BCA726DD050600017B7A /* ItemsModel.swift */ = {isa = PBXFileReference; lastKnownFileType = sourcecode.swift; path = ItemsModel.swift; sourceTree = "<group>"; };
		2C57C71126DEF2C600E920A1 /* GetInfoFromItemsProtocol.swift */ = {isa = PBXFileReference; lastKnownFileType = sourcecode.swift; path = GetInfoFromItemsProtocol.swift; sourceTree = "<group>"; };
		2C5AC32B26B1BF6A00EFFDB0 /* BlackStarShop_V2.app */ = {isa = PBXFileReference; explicitFileType = wrapper.application; includeInIndex = 0; path = BlackStarShop_V2.app; sourceTree = BUILT_PRODUCTS_DIR; };
		2C5AC32E26B1BF6A00EFFDB0 /* AppDelegate.swift */ = {isa = PBXFileReference; lastKnownFileType = sourcecode.swift; path = AppDelegate.swift; sourceTree = "<group>"; };
		2C5AC33726B1BF6D00EFFDB0 /* Assets.xcassets */ = {isa = PBXFileReference; lastKnownFileType = folder.assetcatalog; path = Assets.xcassets; sourceTree = "<group>"; };
		2C5AC33A26B1BF6D00EFFDB0 /* Base */ = {isa = PBXFileReference; lastKnownFileType = file.storyboard; name = Base; path = Base.lproj/LaunchScreen.storyboard; sourceTree = "<group>"; };
		2C5AC33C26B1BF6D00EFFDB0 /* Info.plist */ = {isa = PBXFileReference; lastKnownFileType = text.plist.xml; path = Info.plist; sourceTree = "<group>"; };
		2C5AC34226B1C49D00EFFDB0 /* PurchaseViewController.swift */ = {isa = PBXFileReference; lastKnownFileType = sourcecode.swift; path = PurchaseViewController.swift; sourceTree = "<group>"; };
		2C5AC34426B1C5F700EFFDB0 /* PurchaseView.swift */ = {isa = PBXFileReference; lastKnownFileType = sourcecode.swift; path = PurchaseView.swift; sourceTree = "<group>"; };
		2C5AC34C26B1DF4D00EFFDB0 /* InfoField.swift */ = {isa = PBXFileReference; lastKnownFileType = sourcecode.swift; path = InfoField.swift; sourceTree = "<group>"; };
		2C5DAA3226DFA4EE00F4787F /* ItemView.swift */ = {isa = PBXFileReference; lastKnownFileType = sourcecode.swift; path = ItemView.swift; sourceTree = "<group>"; };
		2C5DAA3426DFEF3A00F4787F /* ItemViewController.swift */ = {isa = PBXFileReference; lastKnownFileType = sourcecode.swift; path = ItemViewController.swift; sourceTree = "<group>"; };
		2C5E1F2C26B4784500925D3B /* PurchaseModel.swift */ = {isa = PBXFileReference; lastKnownFileType = sourcecode.swift; path = PurchaseModel.swift; sourceTree = "<group>"; };
		2C6320AA26D027BA000073FC /* GetInfoFromCategoriesToTableViewProtocol.swift */ = {isa = PBXFileReference; lastKnownFileType = sourcecode.swift; path = GetInfoFromCategoriesToTableViewProtocol.swift; sourceTree = "<group>"; };
		2C9B30C226DBC4AA008D793F /* ItemModel.swift */ = {isa = PBXFileReference; lastKnownFileType = sourcecode.swift; path = ItemModel.swift; sourceTree = "<group>"; };
		2CC336D526D3D8B000FA85FC /* SubCategoriesViewController.swift */ = {isa = PBXFileReference; lastKnownFileType = sourcecode.swift; path = SubCategoriesViewController.swift; sourceTree = "<group>"; };
		2CC336D726D4016700FA85FC /* SubCategoriesView.swift */ = {isa = PBXFileReference; lastKnownFileType = sourcecode.swift; path = SubCategoriesView.swift; sourceTree = "<group>"; };
		2CC336D926D40D3C00FA85FC /* SubCategoriesModel.swift */ = {isa = PBXFileReference; lastKnownFileType = sourcecode.swift; path = SubCategoriesModel.swift; sourceTree = "<group>"; };
/* End PBXFileReference section */

/* Begin PBXFrameworksBuildPhase section */
		2C5AC32826B1BF6A00EFFDB0 /* Frameworks */ = {
			isa = PBXFrameworksBuildPhase;
			buildActionMask = 2147483647;
			files = (
			);
			runOnlyForDeploymentPostprocessing = 0;
		};
/* End PBXFrameworksBuildPhase section */

/* Begin PBXGroup section */
		2C52189B26D96BE8003B6893 /* Items */ = {
			isa = PBXGroup;
			children = (
				2C537FEF26E0F6FD00C28BD0 /* ParsedItem.swift */,
				2C57C71126DEF2C600E920A1 /* GetInfoFromItemsProtocol.swift */,
				2C57C71026DEF2A400E920A1 /* Items */,
				2C5DAA3126DF9FA800F4787F /* Item */,
			);
			path = Items;
			sourceTree = "<group>";
		};
		2C57C71026DEF2A400E920A1 /* Items */ = {
			isa = PBXGroup;
			children = (
				2C52189C26D96CCA003B6893 /* ItemsView.swift */,
				2C52189E26D96CE3003B6893 /* ItemsViewController.swift */,
				2C5218A026D97AAB003B6893 /* ItemsCollectionViewCell.swift */,
				2C55BCA726DD050600017B7A /* ItemsModel.swift */,
			);
			path = Items;
			sourceTree = "<group>";
		};
		2C5951F126D1B45E005B03A7 /* Categories */ = {
			isa = PBXGroup;
			children = (
				2C6320AA26D027BA000073FC /* GetInfoFromCategoriesToTableViewProtocol.swift */,
				2C529ECB26CEB830000EE40C /* CategoryTableView.swift */,
				2C529ECF26CEBF7E000EE40C /* CategoryTableViewCell.swift */,
				2C529EC726CEB6BC000EE40C /* CategoryModel.swift */,
				2C5951F226D1B46B005B03A7 /* Categories */,
				2CC336D426D3D85E00FA85FC /* SubCategories */,
			);
			path = Categories;
			sourceTree = "<group>";
		};
		2C5951F226D1B46B005B03A7 /* Categories */ = {
			isa = PBXGroup;
			children = (
				2C529EC926CEB746000EE40C /* CategoriesViewController.swift */,
				2C529ECD26CEBC70000EE40C /* CategoriesView.swift */,
			);
			path = Categories;
			sourceTree = "<group>";
		};
		2C5AC32226B1BF6A00EFFDB0 = {
			isa = PBXGroup;
			children = (
				2C5AC32D26B1BF6A00EFFDB0 /* BlackStarShop_V2 */,
				2C5AC32C26B1BF6A00EFFDB0 /* Products */,
			);
			sourceTree = "<group>";
		};
		2C5AC32C26B1BF6A00EFFDB0 /* Products */ = {
			isa = PBXGroup;
			children = (
				2C5AC32B26B1BF6A00EFFDB0 /* BlackStarShop_V2.app */,
			);
			name = Products;
			sourceTree = "<group>";
		};
		2C5AC32D26B1BF6A00EFFDB0 /* BlackStarShop_V2 */ = {
			isa = PBXGroup;
			children = (
				2C5AC32E26B1BF6A00EFFDB0 /* AppDelegate.swift */,
				2C5AC33726B1BF6D00EFFDB0 /* Assets.xcassets */,
				2C5AC33926B1BF6D00EFFDB0 /* LaunchScreen.storyboard */,
				2C5AC33C26B1BF6D00EFFDB0 /* Info.plist */,
				2CC2C20C26C69E1A0053BD47 /* Purchase */,
				2C5951F126D1B45E005B03A7 /* Categories */,
				2C52189B26D96BE8003B6893 /* Items */,
				2C52189926D9400D003B6893 /* NetworkService.swift */,
				2C529EC126CEB5F4000EE40C /* GlobalVars.swift */,
			);
			path = BlackStarShop_V2;
			sourceTree = "<group>";
		};
		2C5DAA3126DF9FA800F4787F /* Item */ = {
			isa = PBXGroup;
			children = (
				2C5DAA3226DFA4EE00F4787F /* ItemView.swift */,
				2C5DAA3426DFEF3A00F4787F /* ItemViewController.swift */,
				2C9B30C226DBC4AA008D793F /* ItemModel.swift */,
				2C537FF126E104F800C28BD0 /* ItemCollectionViewCell.swift */,
			);
			path = Item;
			sourceTree = "<group>";
		};
		2CC2C20C26C69E1A0053BD47 /* Purchase */ = {
			isa = PBXGroup;
			children = (
				2C5AC34226B1C49D00EFFDB0 /* PurchaseViewController.swift */,
				2C5E1F2C26B4784500925D3B /* PurchaseModel.swift */,
				2C5AC34426B1C5F700EFFDB0 /* PurchaseView.swift */,
				2CC2C20D26C69E5C0053BD47 /* SubViews */,
				2C5AC34C26B1DF4D00EFFDB0 /* InfoField.swift */,
				2C5295B726C3306E00330F78 /* InfoFieldController.swift */,
			);
			path = Purchase;
			sourceTree = "<group>";
		};
		2CC2C20D26C69E5C0053BD47 /* SubViews */ = {
			isa = PBXGroup;
			children = (
			);
			path = SubViews;
			sourceTree = "<group>";
		};
		2CC336D426D3D85E00FA85FC /* SubCategories */ = {
			isa = PBXGroup;
			children = (
				2CC336D726D4016700FA85FC /* SubCategoriesView.swift */,
				2CC336D526D3D8B000FA85FC /* SubCategoriesViewController.swift */,
				2CC336D926D40D3C00FA85FC /* SubCategoriesModel.swift */,
			);
			path = SubCategories;
			sourceTree = "<group>";
		};
/* End PBXGroup section */

/* Begin PBXNativeTarget section */
		2C5AC32A26B1BF6A00EFFDB0 /* BlackStarShop_V2 */ = {
			isa = PBXNativeTarget;
			buildConfigurationList = 2C5AC33F26B1BF6D00EFFDB0 /* Build configuration list for PBXNativeTarget "BlackStarShop_V2" */;
			buildPhases = (
				2C5AC32726B1BF6A00EFFDB0 /* Sources */,
				2C5AC32826B1BF6A00EFFDB0 /* Frameworks */,
				2C5AC32926B1BF6A00EFFDB0 /* Resources */,
			);
			buildRules = (
			);
			dependencies = (
			);
			name = BlackStarShop_V2;
			productName = BlackStarShop_V2;
			productReference = 2C5AC32B26B1BF6A00EFFDB0 /* BlackStarShop_V2.app */;
			productType = "com.apple.product-type.application";
		};
/* End PBXNativeTarget section */

/* Begin PBXProject section */
		2C5AC32326B1BF6A00EFFDB0 /* Project object */ = {
			isa = PBXProject;
			attributes = {
				LastSwiftUpdateCheck = 1130;
				LastUpgradeCheck = 1130;
				ORGANIZATIONNAME = Norik;
				TargetAttributes = {
					2C5AC32A26B1BF6A00EFFDB0 = {
						CreatedOnToolsVersion = 11.3.1;
					};
				};
			};
			buildConfigurationList = 2C5AC32626B1BF6A00EFFDB0 /* Build configuration list for PBXProject "BlackStarShop_V2" */;
			compatibilityVersion = "Xcode 9.3";
			developmentRegion = en;
			hasScannedForEncodings = 0;
			knownRegions = (
				en,
				Base,
			);
			mainGroup = 2C5AC32226B1BF6A00EFFDB0;
			productRefGroup = 2C5AC32C26B1BF6A00EFFDB0 /* Products */;
			projectDirPath = "";
			projectRoot = "";
			targets = (
				2C5AC32A26B1BF6A00EFFDB0 /* BlackStarShop_V2 */,
			);
		};
/* End PBXProject section */

/* Begin PBXResourcesBuildPhase section */
		2C5AC32926B1BF6A00EFFDB0 /* Resources */ = {
			isa = PBXResourcesBuildPhase;
			buildActionMask = 2147483647;
			files = (
				2C5AC33B26B1BF6D00EFFDB0 /* LaunchScreen.storyboard in Resources */,
				2C5AC33826B1BF6D00EFFDB0 /* Assets.xcassets in Resources */,
			);
			runOnlyForDeploymentPostprocessing = 0;
		};
/* End PBXResourcesBuildPhase section */

/* Begin PBXSourcesBuildPhase section */
		2C5AC32726B1BF6A00EFFDB0 /* Sources */ = {
			isa = PBXSourcesBuildPhase;
			buildActionMask = 2147483647;
			files = (
				2C5AC34526B1C5F700EFFDB0 /* PurchaseView.swift in Sources */,
				2C52189D26D96CCA003B6893 /* ItemsView.swift in Sources */,
				2C5AC32F26B1BF6A00EFFDB0 /* AppDelegate.swift in Sources */,
				2C537FF226E104F800C28BD0 /* ItemCollectionViewCell.swift in Sources */,
				2C5295B826C3306E00330F78 /* InfoFieldController.swift in Sources */,
				2C5AC34D26B1DF4D00EFFDB0 /* InfoField.swift in Sources */,
				2C5218A126D97AAB003B6893 /* ItemsCollectionViewCell.swift in Sources */,
				2C57C71226DEF2C600E920A1 /* GetInfoFromItemsProtocol.swift in Sources */,
				2C52189A26D9400D003B6893 /* NetworkService.swift in Sources */,
				2C529ECA26CEB746000EE40C /* CategoriesViewController.swift in Sources */,
				2C6320AB26D027BA000073FC /* GetInfoFromCategoriesToTableViewProtocol.swift in Sources */,
				2C529EC226CEB5F4000EE40C /* GlobalVars.swift in Sources */,
				2C529ECC26CEB830000EE40C /* CategoryTableView.swift in Sources */,
				2CC336DA26D40D3D00FA85FC /* SubCategoriesModel.swift in Sources */,
				2C55BCA826DD050600017B7A /* ItemsModel.swift in Sources */,
				2C9B30C326DBC4AA008D793F /* ItemModel.swift in Sources */,
				2CC336D626D3D8B000FA85FC /* SubCategoriesViewController.swift in Sources */,
				2C5AC34326B1C49D00EFFDB0 /* PurchaseViewController.swift in Sources */,
				2C529ECE26CEBC70000EE40C /* CategoriesView.swift in Sources */,
				2C529EC826CEB6BC000EE40C /* CategoryModel.swift in Sources */,
				2C5DAA3326DFA4EE00F4787F /* ItemView.swift in Sources */,
				2CC336D826D4016700FA85FC /* SubCategoriesView.swift in Sources */,
				2C52189F26D96CE3003B6893 /* ItemsViewController.swift in Sources */,
				2C5DAA3526DFEF3A00F4787F /* ItemViewController.swift in Sources */,
				2C529ED026CEBF7E000EE40C /* CategoryTableViewCell.swift in Sources */,
				2C5E1F2D26B4784500925D3B /* PurchaseModel.swift in Sources */,
				2C537FF026E0F6FD00C28BD0 /* ParsedItem.swift in Sources */,
			);
			runOnlyForDeploymentPostprocessing = 0;
		};
/* End PBXSourcesBuildPhase section */

/* Begin PBXVariantGroup section */
		2C5AC33926B1BF6D00EFFDB0 /* LaunchScreen.storyboard */ = {
			isa = PBXVariantGroup;
			children = (
				2C5AC33A26B1BF6D00EFFDB0 /* Base */,
			);
			name = LaunchScreen.storyboard;
			sourceTree = "<group>";
		};
/* End PBXVariantGroup section */

/* Begin XCBuildConfiguration section */
		2C5AC33D26B1BF6D00EFFDB0 /* Debug */ = {
			isa = XCBuildConfiguration;
			buildSettings = {
				ALWAYS_SEARCH_USER_PATHS = NO;
				CLANG_ANALYZER_NONNULL = YES;
				CLANG_ANALYZER_NUMBER_OBJECT_CONVERSION = YES_AGGRESSIVE;
				CLANG_CXX_LANGUAGE_STANDARD = "gnu++14";
				CLANG_CXX_LIBRARY = "libc++";
				CLANG_ENABLE_MODULES = YES;
				CLANG_ENABLE_OBJC_ARC = YES;
				CLANG_ENABLE_OBJC_WEAK = YES;
				CLANG_WARN_BLOCK_CAPTURE_AUTORELEASING = YES;
				CLANG_WARN_BOOL_CONVERSION = YES;
				CLANG_WARN_COMMA = YES;
				CLANG_WARN_CONSTANT_CONVERSION = YES;
				CLANG_WARN_DEPRECATED_OBJC_IMPLEMENTATIONS = YES;
				CLANG_WARN_DIRECT_OBJC_ISA_USAGE = YES_ERROR;
				CLANG_WARN_DOCUMENTATION_COMMENTS = YES;
				CLANG_WARN_EMPTY_BODY = YES;
				CLANG_WARN_ENUM_CONVERSION = YES;
				CLANG_WARN_INFINITE_RECURSION = YES;
				CLANG_WARN_INT_CONVERSION = YES;
				CLANG_WARN_NON_LITERAL_NULL_CONVERSION = YES;
				CLANG_WARN_OBJC_IMPLICIT_RETAIN_SELF = YES;
				CLANG_WARN_OBJC_LITERAL_CONVERSION = YES;
				CLANG_WARN_OBJC_ROOT_CLASS = YES_ERROR;
				CLANG_WARN_RANGE_LOOP_ANALYSIS = YES;
				CLANG_WARN_STRICT_PROTOTYPES = YES;
				CLANG_WARN_SUSPICIOUS_MOVE = YES;
				CLANG_WARN_UNGUARDED_AVAILABILITY = YES_AGGRESSIVE;
				CLANG_WARN_UNREACHABLE_CODE = YES;
				CLANG_WARN__DUPLICATE_METHOD_MATCH = YES;
				COPY_PHASE_STRIP = NO;
				DEBUG_INFORMATION_FORMAT = dwarf;
				ENABLE_STRICT_OBJC_MSGSEND = YES;
				ENABLE_TESTABILITY = YES;
				GCC_C_LANGUAGE_STANDARD = gnu11;
				GCC_DYNAMIC_NO_PIC = NO;
				GCC_NO_COMMON_BLOCKS = YES;
				GCC_OPTIMIZATION_LEVEL = 0;
				GCC_PREPROCESSOR_DEFINITIONS = (
					"DEBUG=1",
					"$(inherited)",
				);
				GCC_WARN_64_TO_32_BIT_CONVERSION = YES;
				GCC_WARN_ABOUT_RETURN_TYPE = YES_ERROR;
				GCC_WARN_UNDECLARED_SELECTOR = YES;
				GCC_WARN_UNINITIALIZED_AUTOS = YES_AGGRESSIVE;
				GCC_WARN_UNUSED_FUNCTION = YES;
				GCC_WARN_UNUSED_VARIABLE = YES;
				IPHONEOS_DEPLOYMENT_TARGET = 13.2;
				MTL_ENABLE_DEBUG_INFO = INCLUDE_SOURCE;
				MTL_FAST_MATH = YES;
				ONLY_ACTIVE_ARCH = YES;
				SDKROOT = iphoneos;
				SWIFT_ACTIVE_COMPILATION_CONDITIONS = DEBUG;
				SWIFT_OPTIMIZATION_LEVEL = "-Onone";
			};
			name = Debug;
		};
		2C5AC33E26B1BF6D00EFFDB0 /* Release */ = {
			isa = XCBuildConfiguration;
			buildSettings = {
				ALWAYS_SEARCH_USER_PATHS = NO;
				CLANG_ANALYZER_NONNULL = YES;
				CLANG_ANALYZER_NUMBER_OBJECT_CONVERSION = YES_AGGRESSIVE;
				CLANG_CXX_LANGUAGE_STANDARD = "gnu++14";
				CLANG_CXX_LIBRARY = "libc++";
				CLANG_ENABLE_MODULES = YES;
				CLANG_ENABLE_OBJC_ARC = YES;
				CLANG_ENABLE_OBJC_WEAK = YES;
				CLANG_WARN_BLOCK_CAPTURE_AUTORELEASING = YES;
				CLANG_WARN_BOOL_CONVERSION = YES;
				CLANG_WARN_COMMA = YES;
				CLANG_WARN_CONSTANT_CONVERSION = YES;
				CLANG_WARN_DEPRECATED_OBJC_IMPLEMENTATIONS = YES;
				CLANG_WARN_DIRECT_OBJC_ISA_USAGE = YES_ERROR;
				CLANG_WARN_DOCUMENTATION_COMMENTS = YES;
				CLANG_WARN_EMPTY_BODY = YES;
				CLANG_WARN_ENUM_CONVERSION = YES;
				CLANG_WARN_INFINITE_RECURSION = YES;
				CLANG_WARN_INT_CONVERSION = YES;
				CLANG_WARN_NON_LITERAL_NULL_CONVERSION = YES;
				CLANG_WARN_OBJC_IMPLICIT_RETAIN_SELF = YES;
				CLANG_WARN_OBJC_LITERAL_CONVERSION = YES;
				CLANG_WARN_OBJC_ROOT_CLASS = YES_ERROR;
				CLANG_WARN_RANGE_LOOP_ANALYSIS = YES;
				CLANG_WARN_STRICT_PROTOTYPES = YES;
				CLANG_WARN_SUSPICIOUS_MOVE = YES;
				CLANG_WARN_UNGUARDED_AVAILABILITY = YES_AGGRESSIVE;
				CLANG_WARN_UNREACHABLE_CODE = YES;
				CLANG_WARN__DUPLICATE_METHOD_MATCH = YES;
				COPY_PHASE_STRIP = NO;
				DEBUG_INFORMATION_FORMAT = "dwarf-with-dsym";
				ENABLE_NS_ASSERTIONS = NO;
				ENABLE_STRICT_OBJC_MSGSEND = YES;
				GCC_C_LANGUAGE_STANDARD = gnu11;
				GCC_NO_COMMON_BLOCKS = YES;
				GCC_WARN_64_TO_32_BIT_CONVERSION = YES;
				GCC_WARN_ABOUT_RETURN_TYPE = YES_ERROR;
				GCC_WARN_UNDECLARED_SELECTOR = YES;
				GCC_WARN_UNINITIALIZED_AUTOS = YES_AGGRESSIVE;
				GCC_WARN_UNUSED_FUNCTION = YES;
				GCC_WARN_UNUSED_VARIABLE = YES;
				IPHONEOS_DEPLOYMENT_TARGET = 13.2;
				MTL_ENABLE_DEBUG_INFO = NO;
				MTL_FAST_MATH = YES;
				SDKROOT = iphoneos;
				SWIFT_COMPILATION_MODE = wholemodule;
				SWIFT_OPTIMIZATION_LEVEL = "-O";
				VALIDATE_PRODUCT = YES;
			};
			name = Release;
		};
		2C5AC34026B1BF6D00EFFDB0 /* Debug */ = {
			isa = XCBuildConfiguration;
			buildSettings = {
				ASSETCATALOG_COMPILER_APPICON_NAME = AppIcon;
				CODE_SIGN_STYLE = Automatic;
				INFOPLIST_FILE = BlackStarShop_V2/Info.plist;
				LD_RUNPATH_SEARCH_PATHS = (
					"$(inherited)",
					"@executable_path/Frameworks",
				);
				PRODUCT_BUNDLE_IDENTIFIER = "APPS.BlackStarShop-V2";
				PRODUCT_NAME = "$(TARGET_NAME)";
				SWIFT_VERSION = 5.0;
				TARGETED_DEVICE_FAMILY = "1,2";
			};
			name = Debug;
		};
		2C5AC34126B1BF6D00EFFDB0 /* Release */ = {
			isa = XCBuildConfiguration;
			buildSettings = {
				ASSETCATALOG_COMPILER_APPICON_NAME = AppIcon;
				CODE_SIGN_STYLE = Automatic;
				INFOPLIST_FILE = BlackStarShop_V2/Info.plist;
				LD_RUNPATH_SEARCH_PATHS = (
					"$(inherited)",
					"@executable_path/Frameworks",
				);
				PRODUCT_BUNDLE_IDENTIFIER = "APPS.BlackStarShop-V2";
				PRODUCT_NAME = "$(TARGET_NAME)";
				SWIFT_VERSION = 5.0;
				TARGETED_DEVICE_FAMILY = "1,2";
			};
			name = Release;
		};
/* End XCBuildConfiguration section */

/* Begin XCConfigurationList section */
		2C5AC32626B1BF6A00EFFDB0 /* Build configuration list for PBXProject "BlackStarShop_V2" */ = {
			isa = XCConfigurationList;
			buildConfigurations = (
				2C5AC33D26B1BF6D00EFFDB0 /* Debug */,
				2C5AC33E26B1BF6D00EFFDB0 /* Release */,
			);
			defaultConfigurationIsVisible = 0;
			defaultConfigurationName = Release;
		};
		2C5AC33F26B1BF6D00EFFDB0 /* Build configuration list for PBXNativeTarget "BlackStarShop_V2" */ = {
			isa = XCConfigurationList;
			buildConfigurations = (
				2C5AC34026B1BF6D00EFFDB0 /* Debug */,
				2C5AC34126B1BF6D00EFFDB0 /* Release */,
			);
			defaultConfigurationIsVisible = 0;
			defaultConfigurationName = Release;
		};
/* End XCConfigurationList section */
	};
	rootObject = 2C5AC32326B1BF6A00EFFDB0 /* Project object */;
}
